
Microsoft Visual Studio Solution File, Format Version 12.00
# Visual Studio Version 17
VisualStudioVersion = 17.0.31912.275
MinimumVisualStudioVersion = 10.0.40219.1
Project("{9A19103F-16F7-4668-BE54-9A1E7A4F7556}") = "AdventOfCode2021", "AdventOfCode2021\AdventOfCode2021.csproj", "{D02FA80B-6C69-4EBC-B82B-4133468D54CC}"
EndProject
Project("{FAE04EC0-301F-11D3-BF4B-00C04F79EFBC}") = "AdventOfCode2021.Test", "AdventOfCode2021.Test\AdventOfCode2021.Test.csproj", "{6D8E8834-05D2-4AF9-91BF-521E621B402A}"
EndProject
Global
	GlobalSection(SolutionConfigurationPlatforms) = preSolution
		Debug|Any CPU = Debug|Any CPU
		Release|Any CPU = Release|Any CPU
	EndGlobalSection
	GlobalSection(ProjectConfigurationPlatforms) = postSolution
		{D02FA80B-6C69-4EBC-B82B-4133468D54CC}.Debug|Any CPU.ActiveCfg = Debug|Any CPU
		{D02FA80B-6C69-4EBC-B82B-4133468D54CC}.Debug|Any CPU.Build.0 = Debug|Any CPU
		{D02FA80B-6C69-4EBC-B82B-4133468D54CC}.Release|Any CPU.ActiveCfg = Release|Any CPU
		{D02FA80B-6C69-4EBC-B82B-4133468D54CC}.Release|Any CPU.Build.0 = Release|Any CPU
		{6D8E8834-05D2-4AF9-91BF-521E621B402A}.Debug|Any CPU.ActiveCfg = Debug|Any CPU
		{6D8E8834-05D2-4AF9-91BF-521E621B402A}.Debug|Any CPU.Build.0 = Debug|Any CPU
		{6D8E8834-05D2-4AF9-91BF-521E621B402A}.Release|Any CPU.ActiveCfg = Release|Any CPU
		{6D8E8834-05D2-4AF9-91BF-521E621B402A}.Release|Any CPU.Build.0 = Release|Any CPU
	EndGlobalSection
	GlobalSection(SolutionProperties) = preSolution
		HideSolutionNode = FALSE
	EndGlobalSection
	GlobalSection(ExtensibilityGlobals) = postSolution
		SolutionGuid = {2AF347DB-C5C5-4E6B-A2A9-C9FA1D92B8B3}
	EndGlobalSection
EndGlobal
